
Microsoft Visual Studio Solution File, Format Version 12.00
# Visual Studio Version 17
VisualStudioVersion = 17.11.35222.181
MinimumVisualStudioVersion = 10.0.40219.1
Project("{9A19103F-16F7-4668-BE54-9A1E7A4F7556}") = "OffersManagementSystem.Web", "OffersManagementSystem.Web\OffersManagementSystem.Web.csproj", "{0235637C-6A21-410D-B1D9-B109081AFABF}"
EndProject
Project("{FAE04EC0-301F-11D3-BF4B-00C04F79EFBC}") = "OffersManagementSystem.Domain", "OffersManagementSystem.Domain\OffersManagementSystem.Domain.csproj", "{7E3AEB1B-0319-4B26-98CE-8A2F76C261C0}"
EndProject
Project("{FAE04EC0-301F-11D3-BF4B-00C04F79EFBC}") = "OffersManagementSystem.Application", "OffersManagementSystem.Application\OffersManagementSystem.Application.csproj", "{FC677E1C-21B1-4B42-BCFE-717244A8F712}"
EndProject
Project("{FAE04EC0-301F-11D3-BF4B-00C04F79EFBC}") = "OffersManagementSystem.Infrastructure", "OffersManagementSystem.Infrastructure\OffersManagementSystem.Infrastructure.csproj", "{915EE7DA-563B-4DF1-931E-4275BB4B19FF}"
EndProject
Global
	GlobalSection(SolutionConfigurationPlatforms) = preSolution
		Debug|Any CPU = Debug|Any CPU
		Release|Any CPU = Release|Any CPU
	EndGlobalSection
	GlobalSection(ProjectConfigurationPlatforms) = postSolution
		{0235637C-6A21-410D-B1D9-B109081AFABF}.Debug|Any CPU.ActiveCfg = Debug|Any CPU
		{0235637C-6A21-410D-B1D9-B109081AFABF}.Debug|Any CPU.Build.0 = Debug|Any CPU
		{0235637C-6A21-410D-B1D9-B109081AFABF}.Release|Any CPU.ActiveCfg = Release|Any CPU
		{0235637C-6A21-410D-B1D9-B109081AFABF}.Release|Any CPU.Build.0 = Release|Any CPU
		{7E3AEB1B-0319-4B26-98CE-8A2F76C261C0}.Debug|Any CPU.ActiveCfg = Debug|Any CPU
		{7E3AEB1B-0319-4B26-98CE-8A2F76C261C0}.Debug|Any CPU.Build.0 = Debug|Any CPU
		{7E3AEB1B-0319-4B26-98CE-8A2F76C261C0}.Release|Any CPU.ActiveCfg = Release|Any CPU
		{7E3AEB1B-0319-4B26-98CE-8A2F76C261C0}.Release|Any CPU.Build.0 = Release|Any CPU
		{FC677E1C-21B1-4B42-BCFE-717244A8F712}.Debug|Any CPU.ActiveCfg = Debug|Any CPU
		{FC677E1C-21B1-4B42-BCFE-717244A8F712}.Debug|Any CPU.Build.0 = Debug|Any CPU
		{FC677E1C-21B1-4B42-BCFE-717244A8F712}.Release|Any CPU.ActiveCfg = Release|Any CPU
		{FC677E1C-21B1-4B42-BCFE-717244A8F712}.Release|Any CPU.Build.0 = Release|Any CPU
		{915EE7DA-563B-4DF1-931E-4275BB4B19FF}.Debug|Any CPU.ActiveCfg = Debug|Any CPU
		{915EE7DA-563B-4DF1-931E-4275BB4B19FF}.Debug|Any CPU.Build.0 = Debug|Any CPU
		{915EE7DA-563B-4DF1-931E-4275BB4B19FF}.Release|Any CPU.ActiveCfg = Release|Any CPU
		{915EE7DA-563B-4DF1-931E-4275BB4B19FF}.Release|Any CPU.Build.0 = Release|Any CPU
	EndGlobalSection
	GlobalSection(SolutionProperties) = preSolution
		HideSolutionNode = FALSE
	EndGlobalSection
	GlobalSection(ExtensibilityGlobals) = postSolution
		SolutionGuid = {66462B3A-D0ED-4FF4-9CAE-C703EBC67230}
	EndGlobalSection
EndGlobal
